
Microsoft Visual Studio Solution File, Format Version 12.00
# Visual Studio Version 17
VisualStudioVersion = 17.8.34316.72
MinimumVisualStudioVersion = 10.0.40219.1
Project("{FAE04EC0-301F-11D3-BF4B-00C04F79EFBC}") = "CBRService", "CBRService.csproj", "{FD1F4D8B-44A9-4403-9D75-48E40CAF24FF}"
EndProject
Global
	GlobalSection(SolutionConfigurationPlatforms) = preSolution
		Debug|Any CPU = Debug|Any CPU
		Release|Any CPU = Release|Any CPU
	EndGlobalSection
	GlobalSection(ProjectConfigurationPlatforms) = postSolution
		{FD1F4D8B-44A9-4403-9D75-48E40CAF24FF}.Debug|Any CPU.ActiveCfg = Debug|Any CPU
		{FD1F4D8B-44A9-4403-9D75-48E40CAF24FF}.Debug|Any CPU.Build.0 = Debug|Any CPU
		{FD1F4D8B-44A9-4403-9D75-48E40CAF24FF}.Release|Any CPU.ActiveCfg = Release|Any CPU
		{FD1F4D8B-44A9-4403-9D75-48E40CAF24FF}.Release|Any CPU.Build.0 = Release|Any CPU
	EndGlobalSection
	GlobalSection(SolutionProperties) = preSolution
		HideSolutionNode = FALSE
	EndGlobalSection
	GlobalSection(ExtensibilityGlobals) = postSolution
		SolutionGuid = {36E7E479-33C0-4C65-92F4-CC4115821B8A}
	EndGlobalSection
EndGlobal
